PODS:
  - Mapbox-iOS-SDK (4.0.1)

DEPENDENCIES:
  - Mapbox-iOS-SDK (~> 4.0.1)

SPEC REPOS:
  https://github.com/cocoapods/specs.git:
    - Mapbox-iOS-SDK

SPEC CHECKSUMS:
  Mapbox-iOS-SDK: 09b978be732d753e5c5e2911460fc0a018ce9be6

PODFILE CHECKSUM: a75e135be5cfe0751512227701e9ad6258fcd8cd

COCOAPODS: 1.5.2
